Microsoft Visual Studio Solution File, Format Version 12.00
# Visual Studio Version 17
VisualStudioVersion = 17.5.2.0
MinimumVisualStudioVersion = 10.0.40219.1
Project("{FAE04EC0-301F-11D3-BF4B-00C04F79EFBC}") = "lojabanco", "lojabanco.csproj", "{8ADDF92C-895B-F00A-5C70-798C941A4E6F}"
EndProject
Global
	GlobalSection(SolutionConfigurationPlatforms) = preSolution
		Debug|Any CPU = Debug|Any CPU
		Release|Any CPU = Release|Any CPU
	EndGlobalSection
	GlobalSection(ProjectConfigurationPlatforms) = postSolution
		{8ADDF92C-895B-F00A-5C70-798C941A4E6F}.Debug|Any CPU.ActiveCfg = Debug|Any CPU
		{8ADDF92C-895B-F00A-5C70-798C941A4E6F}.Debug|Any CPU.Build.0 = Debug|Any CPU
		{8ADDF92C-895B-F00A-5C70-798C941A4E6F}.Release|Any CPU.ActiveCfg = Release|Any CPU
		{8ADDF92C-895B-F00A-5C70-798C941A4E6F}.Release|Any CPU.Build.0 = Release|Any CPU
	EndGlobalSection
	GlobalSection(SolutionProperties) = preSolution
		HideSolutionNode = FALSE
	EndGlobalSection
	GlobalSection(ExtensibilityGlobals) = postSolution
		SolutionGuid = {AA2873BD-9D52-4F5D-AF26-045CBB85ECC7}
	EndGlobalSection
EndGlobal
